
Microsoft Visual Studio Solution File, Format Version 12.00
# Visual Studio Version 16
VisualStudioVersion = 16.0.30011.22
MinimumVisualStudioVersion = 10.0.40219.1
Project("{FAE04EC0-301F-11D3-BF4B-00C04F79EFBC}") = "NuxtIntegration", "NuxtIntegration\NuxtIntegration.csproj", "{B00E5B53-3A86-493B-AA1D-22F831CC76E6}"
EndProject
Global
	GlobalSection(SolutionConfigurationPlatforms) = preSolution
		Debug|Any CPU = Debug|Any CPU
		Release|Any CPU = Release|Any CPU
	EndGlobalSection
	GlobalSection(ProjectConfigurationPlatforms) = postSolution
		{B00E5B53-3A86-493B-AA1D-22F831CC76E6}.Debug|Any CPU.ActiveCfg = Debug|Any CPU
		{B00E5B53-3A86-493B-AA1D-22F831CC76E6}.Debug|Any CPU.Build.0 = Debug|Any CPU
		{B00E5B53-3A86-493B-AA1D-22F831CC76E6}.Release|Any CPU.ActiveCfg = Release|Any CPU
		{B00E5B53-3A86-493B-AA1D-22F831CC76E6}.Release|Any CPU.Build.0 = Release|Any CPU
	EndGlobalSection
	GlobalSection(SolutionProperties) = preSolution
		HideSolutionNode = FALSE
	EndGlobalSection
	GlobalSection(ExtensibilityGlobals) = postSolution
		SolutionGuid = {45E5AC8D-FEA3-4476-830C-DEA02A0915DF}
	EndGlobalSection
EndGlobal
